
Microsoft Visual Studio Solution File, Format Version 12.00
# Visual Studio Version 16
VisualStudioVersion = 16.0.30907.101
MinimumVisualStudioVersion = 10.0.40219.1
Project("{FAE04EC0-301F-11D3-BF4B-00C04F79EFBC}") = "InventoryManagementAPI", "InventoryManagementAPI\InventoryManagementAPI.csproj", "{6F770F37-5BA9-4020-9F8D-AF54219CE37E}"
EndProject
Project("{FAE04EC0-301F-11D3-BF4B-00C04F79EFBC}") = "InventoryManagementAPI.Tests", "InventoryManagementAPI.Tests\InventoryManagementAPI.Tests.csproj", "{36BCB2AE-0EFF-4AFC-8443-98FCFB00F98F}"
EndProject
Global
	GlobalSection(SolutionConfigurationPlatforms) = preSolution
		Debug|Any CPU = Debug|Any CPU
		Release|Any CPU = Release|Any CPU
	EndGlobalSection
	GlobalSection(ProjectConfigurationPlatforms) = postSolution
		{6F770F37-5BA9-4020-9F8D-AF54219CE37E}.Debug|Any CPU.ActiveCfg = Debug|Any CPU
		{6F770F37-5BA9-4020-9F8D-AF54219CE37E}.Debug|Any CPU.Build.0 = Debug|Any CPU
		{6F770F37-5BA9-4020-9F8D-AF54219CE37E}.Release|Any CPU.ActiveCfg = Release|Any CPU
		{6F770F37-5BA9-4020-9F8D-AF54219CE37E}.Release|Any CPU.Build.0 = Release|Any CPU
		{36BCB2AE-0EFF-4AFC-8443-98FCFB00F98F}.Debug|Any CPU.ActiveCfg = Debug|Any CPU
		{36BCB2AE-0EFF-4AFC-8443-98FCFB00F98F}.Debug|Any CPU.Build.0 = Debug|Any CPU
		{36BCB2AE-0EFF-4AFC-8443-98FCFB00F98F}.Release|Any CPU.ActiveCfg = Release|Any CPU
		{36BCB2AE-0EFF-4AFC-8443-98FCFB00F98F}.Release|Any CPU.Build.0 = Release|Any CPU
	EndGlobalSection
	GlobalSection(SolutionProperties) = preSolution
		HideSolutionNode = FALSE
	EndGlobalSection
	GlobalSection(ExtensibilityGlobals) = postSolution
		SolutionGuid = {5E357A96-98B6-415A-A0EB-7D9F3C15B6DC}
	EndGlobalSection
EndGlobal
